
Microsoft Visual Studio Solution File, Format Version 12.00
# Visual Studio 2013
VisualStudioVersion = 12.0.31101.0
MinimumVisualStudioVersion = 10.0.40219.1
Project("{2150E333-8FDC-42A3-9474-1A3956D46DE8}") = ".paket", ".paket", "{7DD109F1-C737-49CD-AEA8-D5213DBB89B2}"
	ProjectSection(SolutionItems) = preProject
		paket.dependencies = paket.dependencies
	EndProjectSection
EndProject
Project("{F2A71F9B-5D33-465A-A702-920D77279786}") = "fscripts", "fscripts.fsproj", "{366A2068-A17F-41C0-8716-491159627326}"
EndProject
Global
	GlobalSection(SolutionConfigurationPlatforms) = preSolution
		Debug|Any CPU = Debug|Any CPU
		Release|Any CPU = Release|Any CPU
	EndGlobalSection
	GlobalSection(ProjectConfigurationPlatforms) = postSolution
		{366A2068-A17F-41C0-8716-491159627326}.Debug|Any CPU.ActiveCfg = Debug|Any CPU
		{366A2068-A17F-41C0-8716-491159627326}.Debug|Any CPU.Build.0 = Debug|Any CPU
		{366A2068-A17F-41C0-8716-491159627326}.Release|Any CPU.ActiveCfg = Release|Any CPU
		{366A2068-A17F-41C0-8716-491159627326}.Release|Any CPU.Build.0 = Release|Any CPU
	EndGlobalSection
	GlobalSection(SolutionProperties) = preSolution
		HideSolutionNode = FALSE
	EndGlobalSection
EndGlobal
